
Microsoft Visual Studio Solution File, Format Version 12.00
# Visual Studio Version 17
VisualStudioVersion = 17.3.32929.385
MinimumVisualStudioVersion = 10.0.40219.1
Project("{FAE04EC0-301F-11D3-BF4B-00C04F79EFBC}") = "WPFDatagrid", "WPFDatagrid\WPFDatagrid.csproj", "{FCA5CF3E-331B-4B39-9AC6-D245F582AE3C}"
EndProject
Global
	GlobalSection(SolutionConfigurationPlatforms) = preSolution
		Debug|Any CPU = Debug|Any CPU
		Release|Any CPU = Release|Any CPU
	EndGlobalSection
	GlobalSection(ProjectConfigurationPlatforms) = postSolution
		{FCA5CF3E-331B-4B39-9AC6-D245F582AE3C}.Debug|Any CPU.ActiveCfg = Debug|Any CPU
		{FCA5CF3E-331B-4B39-9AC6-D245F582AE3C}.Debug|Any CPU.Build.0 = Debug|Any CPU
		{FCA5CF3E-331B-4B39-9AC6-D245F582AE3C}.Release|Any CPU.ActiveCfg = Release|Any CPU
		{FCA5CF3E-331B-4B39-9AC6-D245F582AE3C}.Release|Any CPU.Build.0 = Release|Any CPU
	EndGlobalSection
	GlobalSection(SolutionProperties) = preSolution
		HideSolutionNode = FALSE
	EndGlobalSection
	GlobalSection(ExtensibilityGlobals) = postSolution
		SolutionGuid = {72C8011B-8436-4D68-87C2-F1DE899051B9}
	EndGlobalSection
EndGlobal
